Microsoft Visual Studio Solution File, Format Version 11.00
# Visual Studio 2008

Project("{A4E2286E-FFB2-9BF6-D263-5900556E7BE8}") = "BlackoutDemo", "Assembly-CSharp.csproj", "{ADF75CBA-3863-EC90-73F9-AF9546799758}"
EndProject
Global
	GlobalSection(SolutionConfigurationPlatforms) = preSolution
		Debug|Any CPU = Debug|Any CPU
		Release|Any CPU = Release|Any CPU
	EndGlobalSection
	GlobalSection(ProjectConfigurationPlatforms) = postSolution
		{ADF75CBA-3863-EC90-73F9-AF9546799758}.Debug|Any CPU.ActiveCfg = Debug|Any CPU
		{ADF75CBA-3863-EC90-73F9-AF9546799758}.Debug|Any CPU.Build.0 = Debug|Any CPU
		{ADF75CBA-3863-EC90-73F9-AF9546799758}.Release|Any CPU.ActiveCfg = Release|Any CPU
		{ADF75CBA-3863-EC90-73F9-AF9546799758}.Release|Any CPU.Build.0 = Release|Any CPU
	EndGlobalSection
	GlobalSection(SolutionProperties) = preSolution
		HideSolutionNode = FALSE
	EndGlobalSection
	GlobalSection(MonoDevelopProperties) = preSolution
		StartupItem = Assembly-CSharp.csproj
	EndGlobalSection
EndGlobal
